// !$*UTF8*$!
{
	archiveVersion = 1;
	classes = {
	};
	objectVersion = 46;
	objects = {

/* Begin PBXBuildFile section */
		D71E6A1E15467BF2000F1CBB /* Event.m in Sources */ = {isa = PBXBuildFile; fileRef = D71E6A1D15467BF2000F1CBB /* Event.m */; };
		D72BF3BC1541D293003ADEB8 /* Bluetooth.m in Sources */ = {isa = PBXBuildFile; fileRef = D72BF3BB1541D293003ADEB8 /* Bluetooth.m */; };
		D7A4FE4414EE8F8E004A8D6C /* Cocoa.framework in Frameworks */ = {isa = PBXBuildFile; fileRef = D7A4FE4314EE8F8E004A8D6C /* Cocoa.framework */; };
		D7A4FE4E14EE8F8E004A8D6C /* InfoPlist.strings in Resources */ = {isa = PBXBuildFile; fileRef = D7A4FE4C14EE8F8E004A8D6C /* InfoPlist.strings */; };
		D7A4FE5014EE8F8E004A8D6C /* main.m in Sources */ = {isa = PBXBuildFile; fileRef = D7A4FE4F14EE8F8E004A8D6C /* main.m */; };
		D7A4FE5414EE8F8E004A8D6C /* Credits.rtf in Resources */ = {isa = PBXBuildFile; fileRef = D7A4FE5214EE8F8E004A8D6C /* Credits.rtf */; };
		D7A4FE5714EE8F8E004A8D6C /* AppDelegate.m in Sources */ = {isa = PBXBuildFile; fileRef = D7A4FE5614EE8F8E004A8D6C /* AppDelegate.m */; };
		D7A4FE5A14EE8F8F004A8D6C /* MainMenu.xib in Resources */ = {isa = PBXBuildFile; fileRef = D7A4FE5814EE8F8F004A8D6C /* MainMenu.xib */; };
		D7A4FE6114EE95D3004A8D6C /* Carbon.framework in Frameworks */ = {isa = PBXBuildFile; fileRef = D7A4FE6014EE95D3004A8D6C /* Carbon.framework */; };
		D7E7E3A214F7DEEE00D79868 /* IOBluetooth.framework in Frameworks */ = {isa = PBXBuildFile; fileRef = D7E7E3A114F7DEEE00D79868 /* IOBluetooth.framework */; };
/* End PBXBuildFile section */

/* Begin PBXFileReference section */
		D71E6A1C15467BF2000F1CBB /* Event.h */ = {isa = PBXFileReference; fileEncoding = 4; lastKnownFileType = sourcecode.c.h; path = Event.h; sourceTree = "<group>"; };
		D71E6A1D15467BF2000F1CBB /* Event.m */ = {isa = PBXFileReference; fileEncoding = 4; lastKnownFileType = sourcecode.c.objc; path = Event.m; sourceTree = "<group>"; };
		D72BF3BA1541D293003ADEB8 /* Bluetooth.h */ = {isa = PBXFileReference; fileEncoding = 4; lastKnownFileType = sourcecode.c.h; path = Bluetooth.h; sourceTree = "<group>"; };
		D72BF3BB1541D293003ADEB8 /* Bluetooth.m */ = {isa = PBXFileReference; fileEncoding = 4; lastKnownFileType = sourcecode.c.objc; path = Bluetooth.m; sourceTree = "<group>"; };
		D7A4FE3F14EE8F8E004A8D6C /* Diplomat.app */ = {isa = PBXFileReference; explicitFileType = wrapper.application; includeInIndex = 0; path = Diplomat.app; sourceTree = BUILT_PRODUCTS_DIR; };
		D7A4FE4314EE8F8E004A8D6C /* Cocoa.framework */ = {isa = PBXFileReference; lastKnownFileType = wrapper.framework; name = Cocoa.framework; path = System/Library/Frameworks/Cocoa.framework; sourceTree = SDKROOT; };
		D7A4FE4614EE8F8E004A8D6C /* AppKit.framework */ = {isa = PBXFileReference; lastKnownFileType = wrapper.framework; name = AppKit.framework; path = System/Library/Frameworks/AppKit.framework; sourceTree = SDKROOT; };
		D7A4FE4714EE8F8E004A8D6C /* CoreData.framework */ = {isa = PBXFileReference; lastKnownFileType = wrapper.framework; name = CoreData.framework; path = System/Library/Frameworks/CoreData.framework; sourceTree = SDKROOT; };
		D7A4FE4814EE8F8E004A8D6C /* Foundation.framework */ = {isa = PBXFileReference; lastKnownFileType = wrapper.framework; name = Foundation.framework; path = System/Library/Frameworks/Foundation.framework; sourceTree = SDKROOT; };
		D7A4FE4B14EE8F8E004A8D6C /* Diplomat-Info.plist */ = {isa = PBXFileReference; lastKnownFileType = text.plist.xml; path = "Diplomat-Info.plist"; sourceTree = "<group>"; };
		D7A4FE4D14EE8F8E004A8D6C /* en */ = {isa = PBXFileReference; lastKnownFileType = text.plist.strings; name = en; path = en.lproj/InfoPlist.strings; sourceTree = "<group>"; };
		D7A4FE4F14EE8F8E004A8D6C /* main.m */ = {isa = PBXFileReference; lastKnownFileType = sourcecode.c.objc; path = main.m; sourceTree = "<group>"; };
		D7A4FE5114EE8F8E004A8D6C /* Diplomat-Prefix.pch */ = {isa = PBXFileReference; lastKnownFileType = sourcecode.c.h; path = "Diplomat-Prefix.pch"; sourceTree = "<group>"; };
		D7A4FE5314EE8F8E004A8D6C /* en */ = {isa = PBXFileReference; lastKnownFileType = text.rtf; name = en; path = en.lproj/Credits.rtf; sourceTree = "<group>"; };
		D7A4FE5514EE8F8E004A8D6C /* AppDelegate.h */ = {isa = PBXFileReference; lastKnownFileType = sourcecode.c.h; path = AppDelegate.h; sourceTree = "<group>"; };
		D7A4FE5614EE8F8E004A8D6C /* AppDelegate.m */ = {isa = PBXFileReference; lastKnownFileType = sourcecode.c.objc; path = AppDelegate.m; sourceTree = "<group>"; };
		D7A4FE5914EE8F8F004A8D6C /* en */ = {isa = PBXFileReference; lastKnownFileType = file.xib; name = en; path = en.lproj/MainMenu.xib; sourceTree = "<group>"; };
		D7A4FE6014EE95D3004A8D6C /* Carbon.framework */ = {isa = PBXFileReference; lastKnownFileType = wrapper.framework; name = Carbon.framework; path = System/Library/Frameworks/Carbon.framework; sourceTree = SDKROOT; };
		D7E7E3A114F7DEEE00D79868 /* IOBluetooth.framework */ = {isa = PBXFileReference; lastKnownFileType = wrapper.framework; name = IOBluetooth.framework; path = System/Library/Frameworks/IOBluetooth.framework; sourceTree = SDKROOT; };
/* End PBXFileReference section */

/* Begin PBXFrameworksBuildPhase section */
		D7A4FE3C14EE8F8E004A8D6C /* Frameworks */ = {
			isa = PBXFrameworksBuildPhase;
			buildActionMask = 2147483647;
			files = (
				D7E7E3A214F7DEEE00D79868 /* IOBluetooth.framework in Frameworks */,
				D7A4FE6114EE95D3004A8D6C /* Carbon.framework in Frameworks */,
				D7A4FE4414EE8F8E004A8D6C /* Cocoa.framework in Frameworks */,
			);
			runOnlyForDeploymentPostprocessing = 0;
		};
/* End PBXFrameworksBuildPhase section */

/* Begin PBXGroup section */
		D7A4FE3414EE8F8E004A8D6C = {
			isa = PBXGroup;
			children = (
				D7E7E3A114F7DEEE00D79868 /* IOBluetooth.framework */,
				D7A4FE6014EE95D3004A8D6C /* Carbon.framework */,
				D7A4FE4914EE8F8E004A8D6C /* Diplomat */,
				D7A4FE4214EE8F8E004A8D6C /* Frameworks */,
				D7A4FE4014EE8F8E004A8D6C /* Products */,
			);
			sourceTree = "<group>";
		};
		D7A4FE4014EE8F8E004A8D6C /* Products */ = {
			isa = PBXGroup;
			children = (
				D7A4FE3F14EE8F8E004A8D6C /* Diplomat.app */,
			);
			name = Products;
			sourceTree = "<group>";
		};
		D7A4FE4214EE8F8E004A8D6C /* Frameworks */ = {
			isa = PBXGroup;
			children = (
				D7A4FE4314EE8F8E004A8D6C /* Cocoa.framework */,
				D7A4FE4514EE8F8E004A8D6C /* Other Frameworks */,
			);
			name = Frameworks;
			sourceTree = "<group>";
		};
		D7A4FE4514EE8F8E004A8D6C /* Other Frameworks */ = {
			isa = PBXGroup;
			children = (
				D7A4FE4614EE8F8E004A8D6C /* AppKit.framework */,
				D7A4FE4714EE8F8E004A8D6C /* CoreData.framework */,
				D7A4FE4814EE8F8E004A8D6C /* Foundation.framework */,
			);
			name = "Other Frameworks";
			sourceTree = "<group>";
		};
		D7A4FE4914EE8F8E004A8D6C /* Diplomat */ = {
			isa = PBXGroup;
			children = (
				D7A4FE5514EE8F8E004A8D6C /* AppDelegate.h */,
				D7A4FE5614EE8F8E004A8D6C /* AppDelegate.m */,
				D7A4FE5814EE8F8F004A8D6C /* MainMenu.xib */,
				D7A4FE4A14EE8F8E004A8D6C /* Supporting Files */,
				D72BF3BA1541D293003ADEB8 /* Bluetooth.h */,
				D72BF3BB1541D293003ADEB8 /* Bluetooth.m */,
				D71E6A1C15467BF2000F1CBB /* Event.h */,
				D71E6A1D15467BF2000F1CBB /* Event.m */,
			);
			path = Diplomat;
			sourceTree = "<group>";
		};
		D7A4FE4A14EE8F8E004A8D6C /* Supporting Files */ = {
			isa = PBXGroup;
			children = (
				D7A4FE4B14EE8F8E004A8D6C /* Diplomat-Info.plist */,
				D7A4FE4C14EE8F8E004A8D6C /* InfoPlist.strings */,
				D7A4FE4F14EE8F8E004A8D6C /* main.m */,
				D7A4FE5114EE8F8E004A8D6C /* Diplomat-Prefix.pch */,
				D7A4FE5214EE8F8E004A8D6C /* Credits.rtf */,
			);
			name = "Supporting Files";
			sourceTree = "<group>";
		};
/* End PBXGroup section */

/* Begin PBXNativeTarget section */
		D7A4FE3E14EE8F8E004A8D6C /* Diplomat */ = {
			isa = PBXNativeTarget;
			buildConfigurationList = D7A4FE5D14EE8F8F004A8D6C /* Build configuration list for PBXNativeTarget "Diplomat" */;
			buildPhases = (
				D7A4FE3B14EE8F8E004A8D6C /* Sources */,
				D7A4FE3C14EE8F8E004A8D6C /* Frameworks */,
				D7A4FE3D14EE8F8E004A8D6C /* Resources */,
			);
			buildRules = (
			);
			dependencies = (
			);
			name = Diplomat;
			productName = Diplomat;
			productReference = D7A4FE3F14EE8F8E004A8D6C /* Diplomat.app */;
			productType = "com.apple.product-type.application";
		};
/* End PBXNativeTarget section */

/* Begin PBXProject section */
		D7A4FE3614EE8F8E004A8D6C /* Project object */ = {
			isa = PBXProject;
			attributes = {
				LastUpgradeCheck = 0420;
			};
			buildConfigurationList = D7A4FE3914EE8F8E004A8D6C /* Build configuration list for PBXProject "Diplomat" */;
			compatibilityVersion = "Xcode 3.2";
			developmentRegion = English;
			hasScannedForEncodings = 0;
			knownRegions = (
				en,
			);
			mainGroup = D7A4FE3414EE8F8E004A8D6C;
			productRefGroup = D7A4FE4014EE8F8E004A8D6C /* Products */;
			projectDirPath = "";
			projectRoot = "";
			targets = (
				D7A4FE3E14EE8F8E004A8D6C /* Diplomat */,
			);
		};
/* End PBXProject section */

/* Begin PBXResourcesBuildPhase section */
		D7A4FE3D14EE8F8E004A8D6C /* Resources */ = {
			isa = PBXResourcesBuildPhase;
			buildActionMask = 2147483647;
			files = (
				D7A4FE4E14EE8F8E004A8D6C /* InfoPlist.strings in Resources */,
				D7A4FE5414EE8F8E004A8D6C /* Credits.rtf in Resources */,
				D7A4FE5A14EE8F8F004A8D6C /* MainMenu.xib in Resources */,
			);
			runOnlyForDeploymentPostprocessing = 0;
		};
/* End PBXResourcesBuildPhase section */

/* Begin PBXSourcesBuildPhase section */
		D7A4FE3B14EE8F8E004A8D6C /* Sources */ = {
			isa = PBXSourcesBuildPhase;
			buildActionMask = 2147483647;
			files = (
				D7A4FE5014EE8F8E004A8D6C /* main.m in Sources */,
				D7A4FE5714EE8F8E004A8D6C /* AppDelegate.m in Sources */,
				D72BF3BC1541D293003ADEB8 /* Bluetooth.m in Sources */,
				D71E6A1E15467BF2000F1CBB /* Event.m in Sources */,
			);
			runOnlyForDeploymentPostprocessing = 0;
		};
/* End PBXSourcesBuildPhase section */

/* Begin PBXVariantGroup section */
		D7A4FE4C14EE8F8E004A8D6C /* InfoPlist.strings */ = {
			isa = PBXVariantGroup;
			children = (
				D7A4FE4D14EE8F8E004A8D6C /* en */,
			);
			name = InfoPlist.strings;
			sourceTree = "<group>";
		};
		D7A4FE5214EE8F8E004A8D6C /* Credits.rtf */ = {
			isa = PBXVariantGroup;
			children = (
				D7A4FE5314EE8F8E004A8D6C /* en */,
			);
			name = Credits.rtf;
			sourceTree = "<group>";
		};
		D7A4FE5814EE8F8F004A8D6C /* MainMenu.xib */ = {
			isa = PBXVariantGroup;
			children = (
				D7A4FE5914EE8F8F004A8D6C /* en */,
			);
			name = MainMenu.xib;
			sourceTree = "<group>";
		};
/* End PBXVariantGroup section */

/* Begin XCBuildConfiguration section */
		D7A4FE5B14EE8F8F004A8D6C /* Debug */ = {
			isa = XCBuildConfiguration;
			buildSettings = {
				ALWAYS_SEARCH_USER_PATHS = NO;
				ARCHS = "$(ARCHS_STANDARD_64_BIT)";
				COPY_PHASE_STRIP = NO;
				GCC_C_LANGUAGE_STANDARD = gnu99;
				GCC_DYNAMIC_NO_PIC = NO;
				GCC_ENABLE_OBJC_EXCEPTIONS = YES;
				GCC_OPTIMIZATION_LEVEL = 0;
				GCC_PREPROCESSOR_DEFINITIONS = (
					"DEBUG=1",
					"$(inherited)",
				);
				GCC_SYMBOLS_PRIVATE_EXTERN = NO;
				GCC_VERSION = com.apple.compilers.llvm.clang.1_0;
				GCC_WARN_64_TO_32_BIT_CONVERSION = YES;
				GCC_WARN_ABOUT_MISSING_PROTOTYPES = YES;
				GCC_WARN_ABOUT_RETURN_TYPE = YES;
				GCC_WARN_UNUSED_VARIABLE = YES;
				MACOSX_DEPLOYMENT_TARGET = 10.6;
				ONLY_ACTIVE_ARCH = YES;
				SDKROOT = macosx;
			};
			name = Debug;
		};
		D7A4FE5C14EE8F8F004A8D6C /* Release */ = {
			isa = XCBuildConfiguration;
			buildSettings = {
				ALWAYS_SEARCH_USER_PATHS = NO;
				ARCHS = "$(ARCHS_STANDARD_64_BIT)";
				COPY_PHASE_STRIP = YES;
				DEBUG_INFORMATION_FORMAT = "dwarf-with-dsym";
				GCC_C_LANGUAGE_STANDARD = gnu99;
				GCC_ENABLE_OBJC_EXCEPTIONS = YES;
				GCC_VERSION = com.apple.compilers.llvm.clang.1_0;
				GCC_WARN_64_TO_32_BIT_CONVERSION = YES;
				GCC_WARN_ABOUT_MISSING_PROTOTYPES = YES;
				GCC_WARN_ABOUT_RETURN_TYPE = YES;
				GCC_WARN_UNUSED_VARIABLE = YES;
				MACOSX_DEPLOYMENT_TARGET = 10.6;
				SDKROOT = macosx;
			};
			name = Release;
		};
		D7A4FE5E14EE8F8F004A8D6C /* Debug */ = {
			isa = XCBuildConfiguration;
			buildSettings = {
				GCC_PRECOMPILE_PREFIX_HEADER = YES;
				GCC_PREFIX_HEADER = "Diplomat/Diplomat-Prefix.pch";
				INFOPLIST_FILE = "Diplomat/Diplomat-Info.plist";
				PRODUCT_NAME = "$(TARGET_NAME)";
				WRAPPER_EXTENSION = app;
			};
			name = Debug;
		};
		D7A4FE5F14EE8F8F004A8D6C /* Release */ = {
			isa = XCBuildConfiguration;
			buildSettings = {
				GCC_PRECOMPILE_PREFIX_HEADER = YES;
				GCC_PREFIX_HEADER = "Diplomat/Diplomat-Prefix.pch";
				INFOPLIST_FILE = "Diplomat/Diplomat-Info.plist";
				PRODUCT_NAME = "$(TARGET_NAME)";
				WRAPPER_EXTENSION = app;
			};
			name = Release;
		};
/* End XCBuildConfiguration section */

/* Begin XCConfigurationList section */
		D7A4FE3914EE8F8E004A8D6C /* Build configuration list for PBXProject "Diplomat" */ = {
			isa = XCConfigurationList;
			buildConfigurations = (
				D7A4FE5B14EE8F8F004A8D6C /* Debug */,
				D7A4FE5C14EE8F8F004A8D6C /* Release */,
			);
			defaultConfigurationIsVisible = 0;
			defaultConfigurationName = Release;
		};
		D7A4FE5D14EE8F8F004A8D6C /* Build configuration list for PBXNativeTarget "Diplomat" */ = {
			isa = XCConfigurationList;
			buildConfigurations = (
				D7A4FE5E14EE8F8F004A8D6C /* Debug */,
				D7A4FE5F14EE8F8F004A8D6C /* Release */,
			);
			defaultConfigurationIsVisible = 0;
			defaultConfigurationName = Release;
		};
/* End XCConfigurationList section */
	};
	rootObject = D7A4FE3614EE8F8E004A8D6C /* Project object */;
}
